Microsoft Visual Studio Solution File, Format Version 12.00
# Visual Studio Version 17
VisualStudioVersion = 17.5.2.0
MinimumVisualStudioVersion = 10.0.40219.1
Project("{FAE04EC0-301F-11D3-BF4B-00C04F79EFBC}") = "Hoi4Translator", "Hoi4Translator.csproj", "{59854339-5B74-E2CF-1CEF-6C1E16185DFF}"
EndProject
Global
	GlobalSection(SolutionConfigurationPlatforms) = preSolution
		Debug|Any CPU = Debug|Any CPU
		Release|Any CPU = Release|Any CPU
	EndGlobalSection
	GlobalSection(ProjectConfigurationPlatforms) = postSolution
		{59854339-5B74-E2CF-1CEF-6C1E16185DFF}.Debug|Any CPU.ActiveCfg = Debug|Any CPU
		{59854339-5B74-E2CF-1CEF-6C1E16185DFF}.Debug|Any CPU.Build.0 = Debug|Any CPU
		{59854339-5B74-E2CF-1CEF-6C1E16185DFF}.Release|Any CPU.ActiveCfg = Release|Any CPU
		{59854339-5B74-E2CF-1CEF-6C1E16185DFF}.Release|Any CPU.Build.0 = Release|Any CPU
	EndGlobalSection
	GlobalSection(SolutionProperties) = preSolution
		HideSolutionNode = FALSE
	EndGlobalSection
	GlobalSection(ExtensibilityGlobals) = postSolution
		SolutionGuid = {9A1CB5B2-6603-414D-98A9-167CD0A9E203}
	EndGlobalSection
EndGlobal
